
Microsoft Visual Studio Solution File, Format Version 12.00
# Visual Studio Version 18
VisualStudioVersion = 18.3.11520.95
MinimumVisualStudioVersion = 10.0.40219.1
Project("{FAE04EC0-301F-11D3-BF4B-00C04F79EFBC}") = "YuBellBossBarMod", "YuBellBossBarMod.csproj", "{90655173-074A-ADC0-C746-C5CBEE164F14}"
EndProject
Global
	GlobalSection(SolutionConfigurationPlatforms) = preSolution
		Debug|Any CPU = Debug|Any CPU
		Release|Any CPU = Release|Any CPU
	EndGlobalSection
	GlobalSection(ProjectConfigurationPlatforms) = postSolution
		{90655173-074A-ADC0-C746-C5CBEE164F14}.Debug|Any CPU.ActiveCfg = Debug|Any CPU
		{90655173-074A-ADC0-C746-C5CBEE164F14}.Debug|Any CPU.Build.0 = Debug|Any CPU
		{90655173-074A-ADC0-C746-C5CBEE164F14}.Release|Any CPU.ActiveCfg = Release|Any CPU
		{90655173-074A-ADC0-C746-C5CBEE164F14}.Release|Any CPU.Build.0 = Release|Any CPU
	EndGlobalSection
	GlobalSection(SolutionProperties) = preSolution
		HideSolutionNode = FALSE
	EndGlobalSection
	GlobalSection(ExtensibilityGlobals) = postSolution
		SolutionGuid = {E5E35197-7D3D-4AB2-BA74-C958A402E6B6}
	EndGlobalSection
EndGlobal
