
Microsoft Visual Studio Solution File, Format Version 12.00
# Visual Studio Version 17
VisualStudioVersion = 17.11.35312.102
MinimumVisualStudioVersion = 10.0.40219.1
Project("{9A19103F-16F7-4668-BE54-9A1E7A4F7556}") = "YuBellBossBar", "YuBellBossBar.csproj", "{B0001D89-36AD-4C3C-9663-2490B9BA1431}"
EndProject
Global
	GlobalSection(SolutionConfigurationPlatforms) = preSolution
		Debug|Any CPU = Debug|Any CPU
		Release|Any CPU = Release|Any CPU
	EndGlobalSection
	GlobalSection(ProjectConfigurationPlatforms) = postSolution
		{B0001D89-36AD-4C3C-9663-2490B9BA1431}.Debug|Any CPU.ActiveCfg = Debug|Any CPU
		{B0001D89-36AD-4C3C-9663-2490B9BA1431}.Debug|Any CPU.Build.0 = Debug|Any CPU
		{B0001D89-36AD-4C3C-9663-2490B9BA1431}.Release|Any CPU.ActiveCfg = Release|Any CPU
		{B0001D89-36AD-4C3C-9663-2490B9BA1431}.Release|Any CPU.Build.0 = Release|Any CPU
	EndGlobalSection
	GlobalSection(SolutionProperties) = preSolution
		HideSolutionNode = FALSE
	EndGlobalSection
	GlobalSection(ExtensibilityGlobals) = postSolution
		SolutionGuid = {CC166862-585A-49B8-B72D-1A0E5C119523}
	EndGlobalSection
EndGlobal
